
Microsoft Visual Studio Solution File, Format Version 12.00
# Visual Studio 2012
Project("{FAE04EC0-301F-11D3-BF4B-00C04F79EFBC}") = "QLPMT_BUS_WS", "QLPMT_BUS_WS\QLPMT_BUS_WS.csproj", "{81072232-6CDD-4BE0-BBF1-5099B9A63C57}"
EndProject
Global
	GlobalSection(SolutionConfigurationPlatforms) = preSolution
		Debug|Any CPU = Debug|Any CPU
		Release|Any CPU = Release|Any CPU
	EndGlobalSection
	GlobalSection(ProjectConfigurationPlatforms) = postSolution
		{81072232-6CDD-4BE0-BBF1-5099B9A63C57}.Debug|Any CPU.ActiveCfg = Debug|Any CPU
		{81072232-6CDD-4BE0-BBF1-5099B9A63C57}.Debug|Any CPU.Build.0 = Debug|Any CPU
		{81072232-6CDD-4BE0-BBF1-5099B9A63C57}.Release|Any CPU.ActiveCfg = Release|Any CPU
		{81072232-6CDD-4BE0-BBF1-5099B9A63C57}.Release|Any CPU.Build.0 = Release|Any CPU
	EndGlobalSection
	GlobalSection(SolutionProperties) = preSolution
		HideSolutionNode = FALSE
	EndGlobalSection
EndGlobal
